// !$*UTF8*$!
{
	archiveVersion = 1;
	classes = {
	};
	objectVersion = 46;
	objects = {

/* Begin PBXBuildFile section */
		5827C59F1AA4E67E00680747 /* MYGoogleAddress.m in Sources */ = {isa = PBXBuildFile; fileRef = 5827C59E1AA4E67E00680747 /* MYGoogleAddress.m */; };
		5827C5A21AA5CC3E00680747 /* WPSelectFriendsViewController.m in Sources */ = {isa = PBXBuildFile; fileRef = 5827C5A11AA5CC3E00680747 /* WPSelectFriendsViewController.m */; };
		5827C5A51AA5D27200680747 /* ManagedParseUser.m in Sources */ = {isa = PBXBuildFile; fileRef = 5827C5A41AA5D27200680747 /* ManagedParseUser.m */; };
		5827C5A81AA5E62E00680747 /* plus.png in Resources */ = {isa = PBXBuildFile; fileRef = 5827C5A61AA5E62E00680747 /* plus.png */; };
		5827C5A91AA5E62E00680747 /* plus@2x.png in Resources */ = {isa = PBXBuildFile; fileRef = 5827C5A71AA5E62E00680747 /* plus@2x.png */; };
		5846D45B1AA90A0D00259C09 /* ReceiveEventCell.xib in Resources */ = {isa = PBXBuildFile; fileRef = 5846D45A1AA90A0D00259C09 /* ReceiveEventCell.xib */; };
		5846D45E1AA90BF000259C09 /* ReceiveEventCell.m in Sources */ = {isa = PBXBuildFile; fileRef = 5846D45D1AA90BF000259C09 /* ReceiveEventCell.m */; };
		5846D4611AA9107500259C09 /* WPReceiveEventViewController.m in Sources */ = {isa = PBXBuildFile; fileRef = 5846D4601AA9107500259C09 /* WPReceiveEventViewController.m */; };
		5846D4641AA9242E00259C09 /* Event.m in Sources */ = {isa = PBXBuildFile; fileRef = 5846D4631AA9242E00259C09 /* Event.m */; };
		5846D46A1AA9C24E00259C09 /* WPListEventViewController.m in Sources */ = {isa = PBXBuildFile; fileRef = 5846D4691AA9C24E00259C09 /* WPListEventViewController.m */; };
		5860EB761AA4980700D81E5F /* MapKit.framework in Frameworks */ = {isa = PBXBuildFile; fileRef = 5860EB751AA4980700D81E5F /* MapKit.framework */; };
		5860EB7A1AA498A100D81E5F /* WPTabBarViewController.m in Sources */ = {isa = PBXBuildFile; fileRef = 5860EB791AA498A100D81E5F /* WPTabBarViewController.m */; };
		5860EB7D1AA498D000D81E5F /* WPAddEventViewController.m in Sources */ = {isa = PBXBuildFile; fileRef = 5860EB7C1AA498D000D81E5F /* WPAddEventViewController.m */; };
		5860EB7F1AA4A88000D81E5F /* GoogleMaps.framework in Frameworks */ = {isa = PBXBuildFile; fileRef = 5860EB7E1AA4A88000D81E5F /* GoogleMaps.framework */; };
		5860EB831AA4A90200D81E5F /* GoogleMaps.bundle in Resources */ = {isa = PBXBuildFile; fileRef = 5860EB821AA4A90200D81E5F /* GoogleMaps.bundle */; };
		5860EB851AA4A91B00D81E5F /* AVFoundation.framework in Frameworks */ = {isa = PBXBuildFile; fileRef = 5860EB841AA4A91B00D81E5F /* AVFoundation.framework */; };
		5860EB871AA4A92900D81E5F /* CoreData.framework in Frameworks */ = {isa = PBXBuildFile; fileRef = 5860EB861AA4A92900D81E5F /* CoreData.framework */; };
		5860EB891AA4A94500D81E5F /* CoreText.framework in Frameworks */ = {isa = PBXBuildFile; fileRef = 5860EB881AA4A94500D81E5F /* CoreText.framework */; };
		5860EB8B1AA4A94A00D81E5F /* GLKit.framework in Frameworks */ = {isa = PBXBuildFile; fileRef = 5860EB8A1AA4A94A00D81E5F /* GLKit.framework */; };
		5860EB8D1AA4A95300D81E5F /* ImageIO.framework in Frameworks */ = {isa = PBXBuildFile; fileRef = 5860EB8C1AA4A95300D81E5F /* ImageIO.framework */; };
		5860EB8F1AA4A96000D81E5F /* libc++.dylib in Frameworks */ = {isa = PBXBuildFile; fileRef = 5860EB8E1AA4A96000D81E5F /* libc++.dylib */; };
		5860EB911AA4A97700D81E5F /* libicucore.dylib in Frameworks */ = {isa = PBXBuildFile; fileRef = 5860EB901AA4A97700D81E5F /* libicucore.dylib */; };
		5860EB931AA4A98800D81E5F /* OpenGLES.framework in Frameworks */ = {isa = PBXBuildFile; fileRef = 5860EB921AA4A98800D81E5F /* OpenGLES.framework */; };
		5860EB961AA4A9BE00D81E5F /* WPHelperConstant.m in Sources */ = {isa = PBXBuildFile; fileRef = 5860EB951AA4A9BE00D81E5F /* WPHelperConstant.m */; };
		5860EB9B1AA4AD3800D81E5F /* destPin.png in Resources */ = {isa = PBXBuildFile; fileRef = 5860EB971AA4AD3800D81E5F /* destPin.png */; };
		5860EB9C1AA4AD3800D81E5F /* destPin@2x.png in Resources */ = {isa = PBXBuildFile; fileRef = 5860EB981AA4AD3800D81E5F /* destPin@2x.png */; };
		5860EB9D1AA4AD3800D81E5F /* startPin.png in Resources */ = {isa = PBXBuildFile; fileRef = 5860EB991AA4AD3800D81E5F /* startPin.png */; };
		5860EB9E1AA4AD3800D81E5F /* startPin@2x.png in Resources */ = {isa = PBXBuildFile; fileRef = 5860EB9A1AA4AD3800D81E5F /* startPin@2x.png */; };
		587CAF1F1AA4BEAE004129F9 /* GooglePlaceDataProvider.m in Sources */ = {isa = PBXBuildFile; fileRef = 587CAF1E1AA4BEAD004129F9 /* GooglePlaceDataProvider.m */; };
		587F435A1AB0615100726D67 /* MarkerView.m in Sources */ = {isa = PBXBuildFile; fileRef = 587F43591AB0615100726D67 /* MarkerView.m */; };
		587F435C1AB06C8900726D67 /* MarkerView.xib in Resources */ = {isa = PBXBuildFile; fileRef = 587F435B1AB06C8900726D67 /* MarkerView.xib */; };
		587F56181AA27D750083638A /* main.m in Sources */ = {isa = PBXBuildFile; fileRef = 587F56171AA27D750083638A /* main.m */; };
		587F561B1AA27D750083638A /* AppDelegate.m in Sources */ = {isa = PBXBuildFile; fileRef = 587F561A1AA27D750083638A /* AppDelegate.m */; };
		587F561E1AA27D750083638A /* whoparty.xcdatamodeld in Sources */ = {isa = PBXBuildFile; fileRef = 587F561C1AA27D750083638A /* whoparty.xcdatamodeld */; };
		587F56241AA27D750083638A /* Main.storyboard in Resources */ = {isa = PBXBuildFile; fileRef = 587F56221AA27D750083638A /* Main.storyboard */; };
		587F56261AA27D750083638A /* Images.xcassets in Resources */ = {isa = PBXBuildFile; fileRef = 587F56251AA27D750083638A /* Images.xcassets */; };
		587F56291AA27D750083638A /* LaunchScreen.xib in Resources */ = {isa = PBXBuildFile; fileRef = 587F56271AA27D750083638A /* LaunchScreen.xib */; };
		587F56351AA27D750083638A /* whopartyTests.m in Sources */ = {isa = PBXBuildFile; fileRef = 587F56341AA27D750083638A /* whopartyTests.m */; };
		588EDCE91AA3B89F003A146F /* Accounts.framework in Frameworks */ = {isa = PBXBuildFile; fileRef = 588EDCE81AA3B89F003A146F /* Accounts.framework */; };
		588EDCEB1AA3B8A6003A146F /* Twitter.framework in Frameworks */ = {isa = PBXBuildFile; fileRef = 588EDCEA1AA3B8A6003A146F /* Twitter.framework */; };
		588EDCED1AA3B8B9003A146F /* Social.framework in Frameworks */ = {isa = PBXBuildFile; fileRef = 588EDCEC1AA3B8B9003A146F /* Social.framework */; };
		588EDD0A1AA3DF13003A146F /* Animations.m in Sources */ = {isa = PBXBuildFile; fileRef = 588EDD051AA3DF13003A146F /* Animations.m */; };
		588EDD0B1AA3DF13003A146F /* CircleAnimation.m in Sources */ = {isa = PBXBuildFile; fileRef = 588EDD071AA3DF13003A146F /* CircleAnimation.m */; };
		588EDD0C1AA3DF13003A146F /* CustomModalAnimation.m in Sources */ = {isa = PBXBuildFile; fileRef = 588EDD091AA3DF13003A146F /* CustomModalAnimation.m */; };
		588EDD121AA3E04F003A146F /* accountLogin.png in Resources */ = {isa = PBXBuildFile; fileRef = 588EDD0E1AA3E04F003A146F /* accountLogin.png */; };
		588EDD131AA3E04F003A146F /* accountLogin@2x.png in Resources */ = {isa = PBXBuildFile; fileRef = 588EDD0F1AA3E04F003A146F /* accountLogin@2x.png */; };
		588EDD141AA3E04F003A146F /* passwordCadenas.png in Resources */ = {isa = PBXBuildFile; fileRef = 588EDD101AA3E04F003A146F /* passwordCadenas.png */; };
		588EDD151AA3E04F003A146F /* passwordCadenas@2x.png in Resources */ = {isa = PBXBuildFile; fileRef = 588EDD111AA3E04F003A146F /* passwordCadenas@2x.png */; };
		588EDD171AA3E161003A146F /* WPTheme.nss in Resources */ = {isa = PBXBuildFile; fileRef = 588EDD161AA3E161003A146F /* WPTheme.nss */; };
		589A61A71AAEFC7C006FB5A2 /* ParseCrashReporting.framework in Frameworks */ = {isa = PBXBuildFile; fileRef = 589A61A61AAEFC7C006FB5A2 /* ParseCrashReporting.framework */; };
		589A61A91AAEFCCA006FB5A2 /* libstdc++.6.dylib in Frameworks */ = {isa = PBXBuildFile; fileRef = 589A61A81AAEFCCA006FB5A2 /* libstdc++.6.dylib */; };
		58B606841AB1CFE300D500EB /* MenuSubView.xib in Resources */ = {isa = PBXBuildFile; fileRef = 58B606831AB1CFE300D500EB /* MenuSubView.xib */; };
		58B606861AB2611500D500EB /* icon-map.png in Resources */ = {isa = PBXBuildFile; fileRef = 58B606851AB2611500D500EB /* icon-map.png */; };
		58B6068A1AB3360900D500EB /* signinFacebookButton.png in Resources */ = {isa = PBXBuildFile; fileRef = 58B606881AB3360900D500EB /* signinFacebookButton.png */; };
		58B6068B1AB3360900D500EB /* signinFacebookButton@2x.png in Resources */ = {isa = PBXBuildFile; fileRef = 58B606891AB3360900D500EB /* signinFacebookButton@2x.png */; };
		58B6068E1AB3361C00D500EB /* orView.png in Resources */ = {isa = PBXBuildFile; fileRef = 58B6068C1AB3361C00D500EB /* orView.png */; };
		58B6068F1AB3361C00D500EB /* orView@2x.png in Resources */ = {isa = PBXBuildFile; fileRef = 58B6068D1AB3361C00D500EB /* orView@2x.png */; };
		58B606921AB3362400D500EB /* backgroundParis.png in Resources */ = {isa = PBXBuildFile; fileRef = 58B606901AB3362400D500EB /* backgroundParis.png */; };
		58B606931AB3362400D500EB /* backgroundParis@2x.png in Resources */ = {isa = PBXBuildFile; fileRef = 58B606911AB3362400D500EB /* backgroundParis@2x.png */; };
		58B606971AB3983B00D500EB /* ConstraintHelper.m in Sources */ = {isa = PBXBuildFile; fileRef = 58B606961AB3983B00D500EB /* ConstraintHelper.m */; };
		58BE5D9B1AA5EB8200BE2DB3 /* WPAddFriendsViewController.m in Sources */ = {isa = PBXBuildFile; fileRef = 58BE5D9A1AA5EB8200BE2DB3 /* WPAddFriendsViewController.m */; };
		58BE5DA01AA5EFBD00BE2DB3 /* plusFriend.png in Resources */ = {isa = PBXBuildFile; fileRef = 58BE5D9C1AA5EFBD00BE2DB3 /* plusFriend.png */; };
		58BE5DA11AA5EFBD00BE2DB3 /* plusFriend@2x.png in Resources */ = {isa = PBXBuildFile; fileRef = 58BE5D9D1AA5EFBD00BE2DB3 /* plusFriend@2x.png */; };
		58BE5DA21AA5EFBD00BE2DB3 /* validFriend.png in Resources */ = {isa = PBXBuildFile; fileRef = 58BE5D9E1AA5EFBD00BE2DB3 /* validFriend.png */; };
		58BE5DA31AA5EFBD00BE2DB3 /* validFriend@2x.png in Resources */ = {isa = PBXBuildFile; fileRef = 58BE5D9F1AA5EFBD00BE2DB3 /* validFriend@2x.png */; };
		58BE5DAA1AA6466000BE2DB3 /* AddEventCell.m in Sources */ = {isa = PBXBuildFile; fileRef = 58BE5DA91AA6466000BE2DB3 /* AddEventCell.m */; };
		58BE5DAC1AA65B5D00BE2DB3 /* MapForm.xib in Resources */ = {isa = PBXBuildFile; fileRef = 58BE5DAB1AA65B5D00BE2DB3 /* MapForm.xib */; };
		58C477EF1AACB6D700612E2B /* SendView.xib in Resources */ = {isa = PBXBuildFile; fileRef = 58C477EE1AACB6D700612E2B /* SendView.xib */; };
		58C477F21AACB9B800612E2B /* SendView.m in Sources */ = {isa = PBXBuildFile; fileRef = 58C477F11AACB9B800612E2B /* SendView.m */; };
		58C477F41AACC97900612E2B /* CheckBoxCell.xib in Resources */ = {isa = PBXBuildFile; fileRef = 58C477F31AACC97900612E2B /* CheckBoxCell.xib */; };
		58C477F71AACCA6D00612E2B /* CheckBoxTableViewCell.m in Sources */ = {isa = PBXBuildFile; fileRef = 58C477F61AACCA6D00612E2B /* CheckBoxTableViewCell.m */; };
		58C477FA1AADB33900612E2B /* AlertView.m in Sources */ = {isa = PBXBuildFile; fileRef = 58C477F91AADB33900612E2B /* AlertView.m */; };
		58C478021AADD65600612E2B /* loginLeftView@2x.png in Resources */ = {isa = PBXBuildFile; fileRef = 58C478001AADD65600612E2B /* loginLeftView@2x.png */; };
		58C478071AADD65F00612E2B /* addEventIcon.png in Resources */ = {isa = PBXBuildFile; fileRef = 58C478031AADD65F00612E2B /* addEventIcon.png */; };
		58C478081AADD65F00612E2B /* addEventIcon@2x.png in Resources */ = {isa = PBXBuildFile; fileRef = 58C478041AADD65F00612E2B /* addEventIcon@2x.png */; };
		58C478091AADD65F00612E2B /* addFriendIcon.png in Resources */ = {isa = PBXBuildFile; fileRef = 58C478051AADD65F00612E2B /* addFriendIcon.png */; };
		58C4780A1AADD65F00612E2B /* addFriendIcon@2x.png in Resources */ = {isa = PBXBuildFile; fileRef = 58C478061AADD65F00612E2B /* addFriendIcon@2x.png */; };
		58C478101AADDD6100612E2B /* loginLeftView.png in Resources */ = {isa = PBXBuildFile; fileRef = 58C4780F1AADDD6100612E2B /* loginLeftView.png */; };
		58C478121AADDD6700612E2B /* emailLeftView.png in Resources */ = {isa = PBXBuildFile; fileRef = 58C478111AADDD6700612E2B /* emailLeftView.png */; };
		58C478201AAE0D4800612E2B /* MenuSubView.m in Sources */ = {isa = PBXBuildFile; fileRef = 58C4781F1AAE0D4800612E2B /* MenuSubView.m */; };
		58C478231AAE136100612E2B /* MenuViewController.m in Sources */ = {isa = PBXBuildFile; fileRef = 58C478221AAE136100612E2B /* MenuViewController.m */; };
		58D7A9E91AA36EBC00E8E788 /* LoginFormViewController.m in Sources */ = {isa = PBXBuildFile; fileRef = 58D7A9E81AA36EBC00E8E788 /* LoginFormViewController.m */; };
		58D7A9EC1AA36ED700E8E788 /* WPLoginViewController.m in Sources */ = {isa = PBXBuildFile; fileRef = 58D7A9EB1AA36ED700E8E788 /* WPLoginViewController.m */; };
		58D7A9F41AA3722800E8E788 /* NSString+FormValidation.m in Sources */ = {isa = PBXBuildFile; fileRef = 58D7A9F31AA3722800E8E788 /* NSString+FormValidation.m */; };
		58D7AA051AA37A2700E8E788 /* Bolts.framework in Frameworks */ = {isa = PBXBuildFile; fileRef = 58D7AA001AA37A2700E8E788 /* Bolts.framework */; };
		58D7AA061AA37A2700E8E788 /* Parse.framework in Frameworks */ = {isa = PBXBuildFile; fileRef = 58D7AA011AA37A2700E8E788 /* Parse.framework */; };
		58D7AA0B1AA37A4000E8E788 /* AudioToolbox.framework in Frameworks */ = {isa = PBXBuildFile; fileRef = 58D7AA0A1AA37A4000E8E788 /* AudioToolbox.framework */; };
		58D7AA0D1AA37A4900E8E788 /* CFNetwork.framework in Frameworks */ = {isa = PBXBuildFile; fileRef = 58D7AA0C1AA37A4900E8E788 /* CFNetwork.framework */; };
		58D7AA0F1AA37A5300E8E788 /* CoreGraphics.framework in Frameworks */ = {isa = PBXBuildFile; fileRef = 58D7AA0E1AA37A5300E8E788 /* CoreGraphics.framework */; };
		58D7AA111AA37A5A00E8E788 /* CoreLocation.framework in Frameworks */ = {isa = PBXBuildFile; fileRef = 58D7AA101AA37A5A00E8E788 /* CoreLocation.framework */; };
		58D7AA131AA37A6500E8E788 /* MobileCoreServices.framework in Frameworks */ = {isa = PBXBuildFile; fileRef = 58D7AA121AA37A6500E8E788 /* MobileCoreServices.framework */; };
		58D7AA151AA37AC600E8E788 /* QuartzCore.framework in Frameworks */ = {isa = PBXBuildFile; fileRef = 58D7AA141AA37AC600E8E788 /* QuartzCore.framework */; };
		58D7AA171AA37AD400E8E788 /* Security.framework in Frameworks */ = {isa = PBXBuildFile; fileRef = 58D7AA161AA37AD400E8E788 /* Security.framework */; };
		58D7AA191AA37ADE00E8E788 /* StoreKit.framework in Frameworks */ = {isa = PBXBuildFile; fileRef = 58D7AA181AA37ADE00E8E788 /* StoreKit.framework */; };
		58D7AA1B1AA37AF300E8E788 /* SystemConfiguration.framework in Frameworks */ = {isa = PBXBuildFile; fileRef = 58D7AA1A1AA37AF300E8E788 /* SystemConfiguration.framework */; };
		58D7AA1D1AA37B2100E8E788 /* libz.dylib in Frameworks */ = {isa = PBXBuildFile; fileRef = 58D7AA1C1AA37B2100E8E788 /* libz.dylib */; };
		58D7AA1F1AA37B4400E8E788 /* libsqlite3.dylib in Frameworks */ = {isa = PBXBuildFile; fileRef = 58D7AA1E1AA37B4400E8E788 /* libsqlite3.dylib */; };
		D4C3BA5FB1344C947EAD2879 /* libPods-whoparty.a in Frameworks */ = {isa = PBXBuildFile; fileRef = DD0108384256B8BDFC218734 /* libPods-whoparty.a */; };
/* End PBXBuildFile section */

/* Begin PBXContainerItemProxy section */
		587F562F1AA27D750083638A /* PBXContainerItemProxy */ = {
			isa = PBXContainerItemProxy;
			containerPortal = 587F560A1AA27D750083638A /* Project object */;
			proxyType = 1;
			remoteGlobalIDString = 587F56111AA27D750083638A;
			remoteInfo = whoparty;
		};
/* End PBXContainerItemProxy section */

/* Begin PBXFileReference section */
		2751F0E55F0CB5423D6E17F6 /* Pods-whoparty.release.xcconfig */ = {isa = PBXFileReference; includeInIndex = 1; lastKnownFileType = text.xcconfig; name = "Pods-whoparty.release.xcconfig"; path = "Pods/Target Support Files/Pods-whoparty/Pods-whoparty.release.xcconfig"; sourceTree = "<group>"; };
		5827C59D1AA4E67E00680747 /* MYGoogleAddress.h */ = {isa = PBXFileReference; fileEncoding = 4; lastKnownFileType = sourcecode.c.h; path = MYGoogleAddress.h; sourceTree = "<group>"; };
		5827C59E1AA4E67E00680747 /* MYGoogleAddress.m */ = {isa = PBXFileReference; fileEncoding = 4; lastKnownFileType = sourcecode.c.objc; path = MYGoogleAddress.m; sourceTree = "<group>"; };
		5827C5A01AA5CC3E00680747 /* WPSelectFriendsViewController.h */ = {isa = PBXFileReference; fileEncoding = 4; lastKnownFileType = sourcecode.c.h; path = WPSelectFriendsViewController.h; sourceTree = "<group>"; };
		5827C5A11AA5CC3E00680747 /* WPSelectFriendsViewController.m */ = {isa = PBXFileReference; fileEncoding = 4; lastKnownFileType = sourcecode.c.objc; path = WPSelectFriendsViewController.m; sourceTree = "<group>"; };
		5827C5A31AA5D27200680747 /* ManagedParseUser.h */ = {isa = PBXFileReference; fileEncoding = 4; lastKnownFileType = sourcecode.c.h; path = ManagedParseUser.h; sourceTree = "<group>"; };
		5827C5A41AA5D27200680747 /* ManagedParseUser.m */ = {isa = PBXFileReference; fileEncoding = 4; lastKnownFileType = sourcecode.c.objc; path = ManagedParseUser.m; sourceTree = "<group>"; };
		5827C5A61AA5E62E00680747 /* plus.png */ = {isa = PBXFileReference; lastKnownFileType = image.png; path = plus.png; sourceTree = "<group>"; };
		5827C5A71AA5E62E00680747 /* plus@2x.png */ = {isa = PBXFileReference; lastKnownFileType = image.png; path = "plus@2x.png"; sourceTree = "<group>"; };
		5846D45A1AA90A0D00259C09 /* ReceiveEventCell.xib */ = {isa = PBXFileReference; fileEncoding = 4; lastKnownFileType = file.xib; path = ReceiveEventCell.xib; sourceTree = "<group>"; };
		5846D45C1AA90BF000259C09 /* ReceiveEventCell.h */ = {isa = PBXFileReference; fileEncoding = 4; lastKnownFileType = sourcecode.c.h; path = ReceiveEventCell.h; sourceTree = "<group>"; };
		5846D45D1AA90BF000259C09 /* ReceiveEventCell.m */ = {isa = PBXFileReference; fileEncoding = 4; lastKnownFileType = sourcecode.c.objc; path = ReceiveEventCell.m; sourceTree = "<group>"; };
		5846D45F1AA9107500259C09 /* WPReceiveEventViewController.h */ = {isa = PBXFileReference; fileEncoding = 4; lastKnownFileType = sourcecode.c.h; path = WPReceiveEventViewController.h; sourceTree = "<group>"; };
		5846D4601AA9107500259C09 /* WPReceiveEventViewController.m */ = {isa = PBXFileReference; fileEncoding = 4; lastKnownFileType = sourcecode.c.objc; path = WPReceiveEventViewController.m; sourceTree = "<group>"; };
		5846D4621AA9242E00259C09 /* Event.h */ = {isa = PBXFileReference; fileEncoding = 4; lastKnownFileType = sourcecode.c.h; path = Event.h; sourceTree = "<group>"; };
		5846D4631AA9242E00259C09 /* Event.m */ = {isa = PBXFileReference; fileEncoding = 4; lastKnownFileType = sourcecode.c.objc; path = Event.m; sourceTree = "<group>"; };
		5846D4681AA9C24E00259C09 /* WPListEventViewController.h */ = {isa = PBXFileReference; fileEncoding = 4; lastKnownFileType = sourcecode.c.h; path = WPListEventViewController.h; sourceTree = "<group>"; };
		5846D4691AA9C24E00259C09 /* WPListEventViewController.m */ = {isa = PBXFileReference; fileEncoding = 4; lastKnownFileType = sourcecode.c.objc; path = WPListEventViewController.m; sourceTree = "<group>"; };
		5860EB751AA4980700D81E5F /* MapKit.framework */ = {isa = PBXFileReference; lastKnownFileType = wrapper.framework; name = MapKit.framework; path = System/Library/Frameworks/MapKit.framework; sourceTree = SDKROOT; };
		5860EB781AA498A100D81E5F /* WPTabBarViewController.h */ = {isa = PBXFileReference; fileEncoding = 4; lastKnownFileType = sourcecode.c.h; path = WPTabBarViewController.h; sourceTree = "<group>"; };
		5860EB791AA498A100D81E5F /* WPTabBarViewController.m */ = {isa = PBXFileReference; fileEncoding = 4; lastKnownFileType = sourcecode.c.objc; path = WPTabBarViewController.m; sourceTree = "<group>"; };
		5860EB7B1AA498D000D81E5F /* WPAddEventViewController.h */ = {isa = PBXFileReference; fileEncoding = 4; lastKnownFileType = sourcecode.c.h; path = WPAddEventViewController.h; sourceTree = "<group>"; };
		5860EB7C1AA498D000D81E5F /* WPAddEventViewController.m */ = {isa = PBXFileReference; fileEncoding = 4; lastKnownFileType = sourcecode.c.objc; path = WPAddEventViewController.m; sourceTree = "<group>"; };
		5860EB7E1AA4A88000D81E5F /* GoogleMaps.framework */ = {isa = PBXFileReference; lastKnownFileType = wrapper.framework; path = GoogleMaps.framework; sourceTree = "<group>"; };
		5860EB821AA4A90200D81E5F /* GoogleMaps.bundle */ = {isa = PBXFileReference; lastKnownFileType = "wrapper.plug-in"; name = GoogleMaps.bundle; path = GoogleMaps.framework/Versions/A/Resources/GoogleMaps.bundle; sourceTree = "<group>"; };
		5860EB841AA4A91B00D81E5F /* AVFoundation.framework */ = {isa = PBXFileReference; lastKnownFileType = wrapper.framework; name = AVFoundation.framework; path = System/Library/Frameworks/AVFoundation.framework; sourceTree = SDKROOT; };
		5860EB861AA4A92900D81E5F /* CoreData.framework */ = {isa = PBXFileReference; lastKnownFileType = wrapper.framework; name = CoreData.framework; path = System/Library/Frameworks/CoreData.framework; sourceTree = SDKROOT; };
		5860EB881AA4A94500D81E5F /* CoreText.framework */ = {isa = PBXFileReference; lastKnownFileType = wrapper.framework; name = CoreText.framework; path = System/Library/Frameworks/CoreText.framework; sourceTree = SDKROOT; };
		5860EB8A1AA4A94A00D81E5F /* GLKit.framework */ = {isa = PBXFileReference; lastKnownFileType = wrapper.framework; name = GLKit.framework; path = System/Library/Frameworks/GLKit.framework; sourceTree = SDKROOT; };
		5860EB8C1AA4A95300D81E5F /* ImageIO.framework */ = {isa = PBXFileReference; lastKnownFileType = wrapper.framework; name = ImageIO.framework; path = System/Library/Frameworks/ImageIO.framework; sourceTree = SDKROOT; };
		5860EB8E1AA4A96000D81E5F /* libc++.dylib */ = {isa = PBXFileReference; lastKnownFileType = "compiled.mach-o.dylib"; name = "libc++.dylib"; path = "usr/lib/libc++.dylib"; sourceTree = SDKROOT; };
		5860EB901AA4A97700D81E5F /* libicucore.dylib */ = {isa = PBXFileReference; lastKnownFileType = "compiled.mach-o.dylib"; name = libicucore.dylib; path = usr/lib/libicucore.dylib; sourceTree = SDKROOT; };
		5860EB921AA4A98800D81E5F /* OpenGLES.framework */ = {isa = PBXFileReference; lastKnownFileType = wrapper.framework; name = OpenGLES.framework; path = System/Library/Frameworks/OpenGLES.framework; sourceTree = SDKROOT; };
		5860EB941AA4A9BE00D81E5F /* WPHelperConstant.h */ = {isa = PBXFileReference; fileEncoding = 4; lastKnownFileType = sourcecode.c.h; path = WPHelperConstant.h; sourceTree = "<group>"; };
		5860EB951AA4A9BE00D81E5F /* WPHelperConstant.m */ = {isa = PBXFileReference; fileEncoding = 4; lastKnownFileType = sourcecode.c.objc; path = WPHelperConstant.m; sourceTree = "<group>"; };
		5860EB971AA4AD3800D81E5F /* destPin.png */ = {isa = PBXFileReference; lastKnownFileType = image.png; path = destPin.png; sourceTree = "<group>"; };
		5860EB981AA4AD3800D81E5F /* destPin@2x.png */ = {isa = PBXFileReference; lastKnownFileType = image.png; path = "destPin@2x.png"; sourceTree = "<group>"; };
		5860EB991AA4AD3800D81E5F /* startPin.png */ = {isa = PBXFileReference; lastKnownFileType = image.png; path = startPin.png; sourceTree = "<group>"; };
		5860EB9A1AA4AD3800D81E5F /* startPin@2x.png */ = {isa = PBXFileReference; lastKnownFileType = image.png; path = "startPin@2x.png"; sourceTree = "<group>"; };
		587CAF1D1AA4BEAD004129F9 /* GooglePlaceDataProvider.h */ = {isa = PBXFileReference; fileEncoding = 4; lastKnownFileType = sourcecode.c.h; path = GooglePlaceDataProvider.h; sourceTree = "<group>"; };
		587CAF1E1AA4BEAD004129F9 /* GooglePlaceDataProvider.m */ = {isa = PBXFileReference; fileEncoding = 4; lastKnownFileType = sourcecode.c.objc; path = GooglePlaceDataProvider.m; sourceTree = "<group>"; };
		587F43581AB0615100726D67 /* MarkerView.h */ = {isa = PBXFileReference; fileEncoding = 4; lastKnownFileType = sourcecode.c.h; path = MarkerView.h; sourceTree = "<group>"; };
		587F43591AB0615100726D67 /* MarkerView.m */ = {isa = PBXFileReference; fileEncoding = 4; lastKnownFileType = sourcecode.c.objc; path = MarkerView.m; sourceTree = "<group>"; };
		587F435B1AB06C8900726D67 /* MarkerView.xib */ = {isa = PBXFileReference; fileEncoding = 4; lastKnownFileType = file.xib; path = MarkerView.xib; sourceTree = "<group>"; };
		587F56121AA27D750083638A /* whoparty.app */ = {isa = PBXFileReference; explicitFileType = wrapper.application; includeInIndex = 0; path = whoparty.app; sourceTree = BUILT_PRODUCTS_DIR; };
		587F56161AA27D750083638A /* Info.plist */ = {isa = PBXFileReference; lastKnownFileType = text.plist.xml; path = Info.plist; sourceTree = "<group>"; };
		587F56171AA27D750083638A /* main.m */ = {isa = PBXFileReference; lastKnownFileType = sourcecode.c.objc; path = main.m; sourceTree = "<group>"; };
		587F56191AA27D750083638A /* AppDelegate.h */ = {isa = PBXFileReference; lastKnownFileType = sourcecode.c.h; path = AppDelegate.h; sourceTree = "<group>"; };
		587F561A1AA27D750083638A /* AppDelegate.m */ = {isa = PBXFileReference; lastKnownFileType = sourcecode.c.objc; path = AppDelegate.m; sourceTree = "<group>"; };
		587F561D1AA27D750083638A /* whoparty.xcdatamodel */ = {isa = PBXFileReference; lastKnownFileType = wrapper.xcdatamodel; path = whoparty.xcdatamodel; sourceTree = "<group>"; };
		587F56231AA27D750083638A /* Base */ = {isa = PBXFileReference; lastKnownFileType = file.storyboard; name = Base; path = Base.lproj/Main.storyboard; sourceTree = "<group>"; };
		587F56251AA27D750083638A /* Images.xcassets */ = {isa = PBXFileReference; lastKnownFileType = folder.assetcatalog; path = Images.xcassets; sourceTree = "<group>"; };
		587F56281AA27D750083638A /* Base */ = {isa = PBXFileReference; lastKnownFileType = file.xib; name = Base; path = Base.lproj/LaunchScreen.xib; sourceTree = "<group>"; };
		587F562E1AA27D750083638A /* whopartyTests.xctest */ = {isa = PBXFileReference; explicitFileType = wrapper.cfbundle; includeInIndex = 0; path = whopartyTests.xctest; sourceTree = BUILT_PRODUCTS_DIR; };
		587F56331AA27D750083638A /* Info.plist */ = {isa = PBXFileReference; lastKnownFileType = text.plist.xml; path = Info.plist; sourceTree = "<group>"; };
		587F56341AA27D750083638A /* whopartyTests.m */ = {isa = PBXFileReference; lastKnownFileType = sourcecode.c.objc; path = whopartyTests.m; sourceTree = "<group>"; };
		588EDCE81AA3B89F003A146F /* Accounts.framework */ = {isa = PBXFileReference; lastKnownFileType = wrapper.framework; name = Accounts.framework; path = System/Library/Frameworks/Accounts.framework; sourceTree = SDKROOT; };
		588EDCEA1AA3B8A6003A146F /* Twitter.framework */ = {isa = PBXFileReference; lastKnownFileType = wrapper.framework; name = Twitter.framework; path = System/Library/Frameworks/Twitter.framework; sourceTree = SDKROOT; };
		588EDCEC1AA3B8B9003A146F /* Social.framework */ = {isa = PBXFileReference; lastKnownFileType = wrapper.framework; name = Social.framework; path = System/Library/Frameworks/Social.framework; sourceTree = SDKROOT; };
		588EDD041AA3DF13003A146F /* Animations.h */ = {isa = PBXFileReference; fileEncoding = 4; lastKnownFileType = sourcecode.c.h; path = Animations.h; sourceTree = "<group>"; };
		588EDD051AA3DF13003A146F /* Animations.m */ = {isa = PBXFileReference; fileEncoding = 4; lastKnownFileType = sourcecode.c.objc; path = Animations.m; sourceTree = "<group>"; };
		588EDD061AA3DF13003A146F /* CircleAnimation.h */ = {isa = PBXFileReference; fileEncoding = 4; lastKnownFileType = sourcecode.c.h; path = CircleAnimation.h; sourceTree = "<group>"; };
		588EDD071AA3DF13003A146F /* CircleAnimation.m */ = {isa = PBXFileReference; fileEncoding = 4; lastKnownFileType = sourcecode.c.objc; path = CircleAnimation.m; sourceTree = "<group>"; };
		588EDD081AA3DF13003A146F /* CustomModalAnimation.h */ = {isa = PBXFileReference; fileEncoding = 4; lastKnownFileType = sourcecode.c.h; path = CustomModalAnimation.h; sourceTree = "<group>"; };
		588EDD091AA3DF13003A146F /* CustomModalAnimation.m */ = {isa = PBXFileReference; fileEncoding = 4; lastKnownFileType = sourcecode.c.objc; path = CustomModalAnimation.m; sourceTree = "<group>"; };
		588EDD0E1AA3E04F003A146F /* accountLogin.png */ = {isa = PBXFileReference; lastKnownFileType = image.png; path = accountLogin.png; sourceTree = "<group>"; };
		588EDD0F1AA3E04F003A146F /* accountLogin@2x.png */ = {isa = PBXFileReference; lastKnownFileType = image.png; path = "accountLogin@2x.png"; sourceTree = "<group>"; };
		588EDD101AA3E04F003A146F /* passwordCadenas.png */ = {isa = PBXFileReference; lastKnownFileType = image.png; path = passwordCadenas.png; sourceTree = "<group>"; };
		588EDD111AA3E04F003A146F /* passwordCadenas@2x.png */ = {isa = PBXFileReference; lastKnownFileType = image.png; path = "passwordCadenas@2x.png"; sourceTree = "<group>"; };
		588EDD161AA3E161003A146F /* WPTheme.nss */ = {isa = PBXFileReference; fileEncoding = 4; lastKnownFileType = text; path = WPTheme.nss; sourceTree = "<group>"; };
		589A61A21AAEFB79006FB5A2 /* ParseCrashReporting.framework */ = {isa = PBXFileReference; lastKnownFileType = wrapper.framework; name = ParseCrashReporting.framework; path = "../../../../../Downloads/parse-library-1.6.3/ParseCrashReporting.framework"; sourceTree = "<group>"; };
		589A61A61AAEFC7C006FB5A2 /* ParseCrashReporting.framework */ = {isa = PBXFileReference; lastKnownFileType = wrapper.framework; path = ParseCrashReporting.framework; sourceTree = "<group>"; };
		589A61A81AAEFCCA006FB5A2 /* libstdc++.6.dylib */ = {isa = PBXFileReference; lastKnownFileType = "compiled.mach-o.dylib"; name = "libstdc++.6.dylib"; path = "usr/lib/libstdc++.6.dylib"; sourceTree = SDKROOT; };
		58B606831AB1CFE300D500EB /* MenuSubView.xib */ = {isa = PBXFileReference; fileEncoding = 4; lastKnownFileType = file.xib; path = MenuSubView.xib; sourceTree = "<group>"; };
		58B606851AB2611500D500EB /* icon-map.png */ = {isa = PBXFileReference; lastKnownFileType = image.png; path = "icon-map.png"; sourceTree = "<group>"; };
		58B606881AB3360900D500EB /* signinFacebookButton.png */ = {isa = PBXFileReference; lastKnownFileType = image.png; path = signinFacebookButton.png; sourceTree = "<group>"; };
		58B606891AB3360900D500EB /* signinFacebookButton@2x.png */ = {isa = PBXFileReference; lastKnownFileType = image.png; path = "signinFacebookButton@2x.png"; sourceTree = "<group>"; };
		58B6068C1AB3361C00D500EB /* orView.png */ = {isa = PBXFileReference; lastKnownFileType = image.png; path = orView.png; sourceTree = "<group>"; };
		58B6068D1AB3361C00D500EB /* orView@2x.png */ = {isa = PBXFileReference; lastKnownFileType = image.png; path = "orView@2x.png"; sourceTree = "<group>"; };
		58B606901AB3362400D500EB /* backgroundParis.png */ = {isa = PBXFileReference; lastKnownFileType = image.png; path = backgroundParis.png; sourceTree = "<group>"; };
		58B606911AB3362400D500EB /* backgroundParis@2x.png */ = {isa = PBXFileReference; lastKnownFileType = image.png; path = "backgroundParis@2x.png"; sourceTree = "<group>"; };
		58B606951AB3983B00D500EB /* ConstraintHelper.h */ = {isa = PBXFileReference; fileEncoding = 4; lastKnownFileType = sourcecode.c.h; path = ConstraintHelper.h; sourceTree = "<group>"; };
		58B606961AB3983B00D500EB /* ConstraintHelper.m */ = {isa = PBXFileReference; fileEncoding = 4; lastKnownFileType = sourcecode.c.objc; path = ConstraintHelper.m; sourceTree = "<group>"; };
		58BE5D991AA5EB8200BE2DB3 /* WPAddFriendsViewController.h */ = {isa = PBXFileReference; fileEncoding = 4; lastKnownFileType = sourcecode.c.h; path = WPAddFriendsViewController.h; sourceTree = "<group>"; };
		58BE5D9A1AA5EB8200BE2DB3 /* WPAddFriendsViewController.m */ = {isa = PBXFileReference; fileEncoding = 4; lastKnownFileType = sourcecode.c.objc; path = WPAddFriendsViewController.m; sourceTree = "<group>"; };
		58BE5D9C1AA5EFBD00BE2DB3 /* plusFriend.png */ = {isa = PBXFileReference; lastKnownFileType = image.png; path = plusFriend.png; sourceTree = "<group>"; };
		58BE5D9D1AA5EFBD00BE2DB3 /* plusFriend@2x.png */ = {isa = PBXFileReference; lastKnownFileType = image.png; path = "plusFriend@2x.png"; sourceTree = "<group>"; };
		58BE5D9E1AA5EFBD00BE2DB3 /* validFriend.png */ = {isa = PBXFileReference; lastKnownFileType = image.png; path = validFriend.png; sourceTree = "<group>"; };
		58BE5D9F1AA5EFBD00BE2DB3 /* validFriend@2x.png */ = {isa = PBXFileReference; lastKnownFileType = image.png; path = "validFriend@2x.png"; sourceTree = "<group>"; };
		58BE5DA81AA6466000BE2DB3 /* AddEventCell.h */ = {isa = PBXFileReference; fileEncoding = 4; lastKnownFileType = sourcecode.c.h; path = AddEventCell.h; sourceTree = "<group>"; };
		58BE5DA91AA6466000BE2DB3 /* AddEventCell.m */ = {isa = PBXFileReference; fileEncoding = 4; lastKnownFileType = sourcecode.c.objc; path = AddEventCell.m; sourceTree = "<group>"; };
		58BE5DAB1AA65B5D00BE2DB3 /* MapForm.xib */ = {isa = PBXFileReference; fileEncoding = 4; lastKnownFileType = file.xib; path = MapForm.xib; sourceTree = "<group>"; };
		58C477EE1AACB6D700612E2B /* SendView.xib */ = {isa = PBXFileReference; fileEncoding = 4; lastKnownFileType = file.xib; path = SendView.xib; sourceTree = "<group>"; };
		58C477F01AACB9B800612E2B /* SendView.h */ = {isa = PBXFileReference; fileEncoding = 4; lastKnownFileType = sourcecode.c.h; path = SendView.h; sourceTree = "<group>"; };
		58C477F11AACB9B800612E2B /* SendView.m */ = {isa = PBXFileReference; fileEncoding = 4; lastKnownFileType = sourcecode.c.objc; path = SendView.m; sourceTree = "<group>"; };
		58C477F31AACC97900612E2B /* CheckBoxCell.xib */ = {isa = PBXFileReference; fileEncoding = 4; lastKnownFileType = file.xib; path = CheckBoxCell.xib; sourceTree = "<group>"; };
		58C477F51AACCA6D00612E2B /* CheckBoxTableViewCell.h */ = {isa = PBXFileReference; fileEncoding = 4; lastKnownFileType = sourcecode.c.h; path = CheckBoxTableViewCell.h; sourceTree = "<group>"; };
		58C477F61AACCA6D00612E2B /* CheckBoxTableViewCell.m */ = {isa = PBXFileReference; fileEncoding = 4; lastKnownFileType = sourcecode.c.objc; path = CheckBoxTableViewCell.m; sourceTree = "<group>"; };
		58C477F81AADB33900612E2B /* AlertView.h */ = {isa = PBXFileReference; fileEncoding = 4; lastKnownFileType = sourcecode.c.h; path = AlertView.h; sourceTree = "<group>"; };
		58C477F91AADB33900612E2B /* AlertView.m */ = {isa = PBXFileReference; fileEncoding = 4; lastKnownFileType = sourcecode.c.objc; path = AlertView.m; sourceTree = "<group>"; };
		58C478001AADD65600612E2B /* loginLeftView@2x.png */ = {isa = PBXFileReference; lastKnownFileType = image.png; path = "loginLeftView@2x.png"; sourceTree = "<group>"; };
		58C478031AADD65F00612E2B /* addEventIcon.png */ = {isa = PBXFileReference; lastKnownFileType = image.png; path = addEventIcon.png; sourceTree = "<group>"; };
		58C478041AADD65F00612E2B /* addEventIcon@2x.png */ = {isa = PBXFileReference; lastKnownFileType = image.png; path = "addEventIcon@2x.png"; sourceTree = "<group>"; };
		58C478051AADD65F00612E2B /* addFriendIcon.png */ = {isa = PBXFileReference; lastKnownFileType = image.png; path = addFriendIcon.png; sourceTree = "<group>"; };
		58C478061AADD65F00612E2B /* addFriendIcon@2x.png */ = {isa = PBXFileReference; lastKnownFileType = image.png; path = "addFriendIcon@2x.png"; sourceTree = "<group>"; };
		58C4780F1AADDD6100612E2B /* loginLeftView.png */ = {isa = PBXFileReference; lastKnownFileType = image.png; path = loginLeftView.png; sourceTree = "<group>"; };
		58C478111AADDD6700612E2B /* emailLeftView.png */ = {isa = PBXFileReference; lastKnownFileType = image.png; path = emailLeftView.png; sourceTree = "<group>"; };
		58C4781E1AAE0D4800612E2B /* MenuSubView.h */ = {isa = PBXFileReference; fileEncoding = 4; lastKnownFileType = sourcecode.c.h; path = MenuSubView.h; sourceTree = "<group>"; };
		58C4781F1AAE0D4800612E2B /* MenuSubView.m */ = {isa = PBXFileReference; fileEncoding = 4; lastKnownFileType = sourcecode.c.objc; path = MenuSubView.m; sourceTree = "<group>"; };
		58C478211AAE136100612E2B /* MenuViewController.h */ = {isa = PBXFileReference; fileEncoding = 4; lastKnownFileType = sourcecode.c.h; path = MenuViewController.h; sourceTree = "<group>"; };
		58C478221AAE136100612E2B /* MenuViewController.m */ = {isa = PBXFileReference; fileEncoding = 4; lastKnownFileType = sourcecode.c.objc; path = MenuViewController.m; sourceTree = "<group>"; };
		58D7A9E71AA36EBC00E8E788 /* LoginFormViewController.h */ = {isa = PBXFileReference; fileEncoding = 4; lastKnownFileType = sourcecode.c.h; path = LoginFormViewController.h; sourceTree = "<group>"; };
		58D7A9E81AA36EBC00E8E788 /* LoginFormViewController.m */ = {isa = PBXFileReference; fileEncoding = 4; lastKnownFileType = sourcecode.c.objc; path = LoginFormViewController.m; sourceTree = "<group>"; };
		58D7A9EA1AA36ED700E8E788 /* WPLoginViewController.h */ = {isa = PBXFileReference; fileEncoding = 4; lastKnownFileType = sourcecode.c.h; path = WPLoginViewController.h; sourceTree = "<group>"; };
		58D7A9EB1AA36ED700E8E788 /* WPLoginViewController.m */ = {isa = PBXFileReference; fileEncoding = 4; lastKnownFileType = sourcecode.c.objc; path = WPLoginViewController.m; sourceTree = "<group>"; };
		58D7A9F21AA3722800E8E788 /* NSString+FormValidation.h */ = {isa = PBXFileReference; fileEncoding = 4; lastKnownFileType = sourcecode.c.h; path = "NSString+FormValidation.h"; sourceTree = "<group>"; };
		58D7A9F31AA3722800E8E788 /* NSString+FormValidation.m */ = {isa = PBXFileReference; fileEncoding = 4; lastKnownFileType = sourcecode.c.objc; path = "NSString+FormValidation.m"; sourceTree = "<group>"; };
		58D7AA001AA37A2700E8E788 /* Bolts.framework */ = {isa = PBXFileReference; lastKnownFileType = wrapper.framework; path = Bolts.framework; sourceTree = "<group>"; };
		58D7AA011AA37A2700E8E788 /* Parse.framework */ = {isa = PBXFileReference; lastKnownFileType = wrapper.framework; path = Parse.framework; sourceTree = "<group>"; };
		58D7AA0A1AA37A4000E8E788 /* AudioToolbox.framework */ = {isa = PBXFileReference; lastKnownFileType = wrapper.framework; name = AudioToolbox.framework; path = System/Library/Frameworks/AudioToolbox.framework; sourceTree = SDKROOT; };
		58D7AA0C1AA37A4900E8E788 /* CFNetwork.framework */ = {isa = PBXFileReference; lastKnownFileType = wrapper.framework; name = CFNetwork.framework; path = System/Library/Frameworks/CFNetwork.framework; sourceTree = SDKROOT; };
		58D7AA0E1AA37A5300E8E788 /* CoreGraphics.framework */ = {isa = PBXFileReference; lastKnownFileType = wrapper.framework; name = CoreGraphics.framework; path = System/Library/Frameworks/CoreGraphics.framework; sourceTree = SDKROOT; };
		58D7AA101AA37A5A00E8E788 /* CoreLocation.framework */ = {isa = PBXFileReference; lastKnownFileType = wrapper.framework; name = CoreLocation.framework; path = System/Library/Frameworks/CoreLocation.framework; sourceTree = SDKROOT; };
		58D7AA121AA37A6500E8E788 /* MobileCoreServices.framework */ = {isa = PBXFileReference; lastKnownFileType = wrapper.framework; name = MobileCoreServices.framework; path = System/Library/Frameworks/MobileCoreServices.framework; sourceTree = SDKROOT; };
		58D7AA141AA37AC600E8E788 /* QuartzCore.framework */ = {isa = PBXFileReference; lastKnownFileType = wrapper.framework; name = QuartzCore.framework; path = System/Library/Frameworks/QuartzCore.framework; sourceTree = SDKROOT; };
		58D7AA161AA37AD400E8E788 /* Security.framework */ = {isa = PBXFileReference; lastKnownFileType = wrapper.framework; name = Security.framework; path = System/Library/Frameworks/Security.framework; sourceTree = SDKROOT; };
		58D7AA181AA37ADE00E8E788 /* StoreKit.framework */ = {isa = PBXFileReference; lastKnownFileType = wrapper.framework; name = StoreKit.framework; path = System/Library/Frameworks/StoreKit.framework; sourceTree = SDKROOT; };
		58D7AA1A1AA37AF300E8E788 /* SystemConfiguration.framework */ = {isa = PBXFileReference; lastKnownFileType = wrapper.framework; name = SystemConfiguration.framework; path = System/Library/Frameworks/SystemConfiguration.framework; sourceTree = SDKROOT; };
		58D7AA1C1AA37B2100E8E788 /* libz.dylib */ = {isa = PBXFileReference; lastKnownFileType = "compiled.mach-o.dylib"; name = libz.dylib; path = usr/lib/libz.dylib; sourceTree = SDKROOT; };
		58D7AA1E1AA37B4400E8E788 /* libsqlite3.dylib */ = {isa = PBXFileReference; lastKnownFileType = "compiled.mach-o.dylib"; name = libsqlite3.dylib; path = usr/lib/libsqlite3.dylib; sourceTree = SDKROOT; };
		CE32DBA3C481ACEAD9EF10D2 /* Pods-whoparty.debug.xcconfig */ = {isa = PBXFileReference; includeInIndex = 1; lastKnownFileType = text.xcconfig; name = "Pods-whoparty.debug.xcconfig"; path = "Pods/Target Support Files/Pods-whoparty/Pods-whoparty.debug.xcconfig"; sourceTree = "<group>"; };
		DD0108384256B8BDFC218734 /* libPods-whoparty.a */ = {isa = PBXFileReference; explicitFileType = archive.ar; includeInIndex = 0; path = "libPods-whoparty.a"; sourceTree = BUILT_PRODUCTS_DIR; };
/* End PBXFileReference section */

/* Begin PBXFrameworksBuildPhase section */
		587F560F1AA27D750083638A /* Frameworks */ = {
			isa = PBXFrameworksBuildPhase;
			buildActionMask = 2147483647;
			files = (
				589A61A91AAEFCCA006FB5A2 /* libstdc++.6.dylib in Frameworks */,
				5860EB931AA4A98800D81E5F /* OpenGLES.framework in Frameworks */,
				5860EB911AA4A97700D81E5F /* libicucore.dylib in Frameworks */,
				5860EB8F1AA4A96000D81E5F /* libc++.dylib in Frameworks */,
				5860EB8D1AA4A95300D81E5F /* ImageIO.framework in Frameworks */,
				5860EB8B1AA4A94A00D81E5F /* GLKit.framework in Frameworks */,
				5860EB891AA4A94500D81E5F /* CoreText.framework in Frameworks */,
				5860EB871AA4A92900D81E5F /* CoreData.framework in Frameworks */,
				5860EB851AA4A91B00D81E5F /* AVFoundation.framework in Frameworks */,
				5860EB7F1AA4A88000D81E5F /* GoogleMaps.framework in Frameworks */,
				5860EB761AA4980700D81E5F /* MapKit.framework in Frameworks */,
				588EDCED1AA3B8B9003A146F /* Social.framework in Frameworks */,
				588EDCEB1AA3B8A6003A146F /* Twitter.framework in Frameworks */,
				588EDCE91AA3B89F003A146F /* Accounts.framework in Frameworks */,
				58D7AA1F1AA37B4400E8E788 /* libsqlite3.dylib in Frameworks */,
				58D7AA1D1AA37B2100E8E788 /* libz.dylib in Frameworks */,
				58D7AA1B1AA37AF300E8E788 /* SystemConfiguration.framework in Frameworks */,
				58D7AA191AA37ADE00E8E788 /* StoreKit.framework in Frameworks */,
				58D7AA171AA37AD400E8E788 /* Security.framework in Frameworks */,
				58D7AA151AA37AC600E8E788 /* QuartzCore.framework in Frameworks */,
				589A61A71AAEFC7C006FB5A2 /* ParseCrashReporting.framework in Frameworks */,
				58D7AA131AA37A6500E8E788 /* MobileCoreServices.framework in Frameworks */,
				58D7AA111AA37A5A00E8E788 /* CoreLocation.framework in Frameworks */,
				58D7AA0F1AA37A5300E8E788 /* CoreGraphics.framework in Frameworks */,
				58D7AA0D1AA37A4900E8E788 /* CFNetwork.framework in Frameworks */,
				58D7AA0B1AA37A4000E8E788 /* AudioToolbox.framework in Frameworks */,
				D4C3BA5FB1344C947EAD2879 /* libPods-whoparty.a in Frameworks */,
				58D7AA061AA37A2700E8E788 /* Parse.framework in Frameworks */,
				58D7AA051AA37A2700E8E788 /* Bolts.framework in Frameworks */,
			);
			runOnlyForDeploymentPostprocessing = 0;
		};
		587F562B1AA27D750083638A /* Frameworks */ = {
			isa = PBXFrameworksBuildPhase;
			buildActionMask = 2147483647;
			files = (
			);
			runOnlyForDeploymentPostprocessing = 0;
		};
/* End PBXFrameworksBuildPhase section */

/* Begin PBXGroup section */
		18E54D29DAF9D5731FE631B3 /* Pods */ = {
			isa = PBXGroup;
			children = (
				CE32DBA3C481ACEAD9EF10D2 /* Pods-whoparty.debug.xcconfig */,
				2751F0E55F0CB5423D6E17F6 /* Pods-whoparty.release.xcconfig */,
			);
			name = Pods;
			sourceTree = "<group>";
		};
		5827C5991AA4DE9200680747 /* GoogleData */ = {
			isa = PBXGroup;
			children = (
				587CAF1D1AA4BEAD004129F9 /* GooglePlaceDataProvider.h */,
				587CAF1E1AA4BEAD004129F9 /* GooglePlaceDataProvider.m */,
				5827C59D1AA4E67E00680747 /* MYGoogleAddress.h */,
				5827C59E1AA4E67E00680747 /* MYGoogleAddress.m */,
			);
			name = GoogleData;
			sourceTree = "<group>";
		};
		5846D4651AA9C1F800259C09 /* AddEvent */ = {
			isa = PBXGroup;
			children = (
				5827C5A01AA5CC3E00680747 /* WPSelectFriendsViewController.h */,
				5827C5A11AA5CC3E00680747 /* WPSelectFriendsViewController.m */,
				5860EB7B1AA498D000D81E5F /* WPAddEventViewController.h */,
				5860EB7C1AA498D000D81E5F /* WPAddEventViewController.m */,
			);
			name = AddEvent;
			sourceTree = "<group>";
		};
		5846D4661AA9C20900259C09 /* ReceiveEvent */ = {
			isa = PBXGroup;
			children = (
				5846D45F1AA9107500259C09 /* WPReceiveEventViewController.h */,
				5846D4601AA9107500259C09 /* WPReceiveEventViewController.m */,
				5846D4681AA9C24E00259C09 /* WPListEventViewController.h */,
				5846D4691AA9C24E00259C09 /* WPListEventViewController.m */,
			);
			name = ReceiveEvent;
			sourceTree = "<group>";
		};
		5860EB771AA4988000D81E5F /* Tabbar */ = {
			isa = PBXGroup;
			children = (
				5846D4661AA9C20900259C09 /* ReceiveEvent */,
				5846D4651AA9C1F800259C09 /* AddEvent */,
				5860EB781AA498A100D81E5F /* WPTabBarViewController.h */,
				5860EB791AA498A100D81E5F /* WPTabBarViewController.m */,
				58BE5D991AA5EB8200BE2DB3 /* WPAddFriendsViewController.h */,
				58BE5D9A1AA5EB8200BE2DB3 /* WPAddFriendsViewController.m */,
			);
			name = Tabbar;
			sourceTree = "<group>";
		};
		587F56091AA27D750083638A = {
			isa = PBXGroup;
			children = (
				589A61A61AAEFC7C006FB5A2 /* ParseCrashReporting.framework */,
				5860EB821AA4A90200D81E5F /* GoogleMaps.bundle */,
				5860EB7E1AA4A88000D81E5F /* GoogleMaps.framework */,
				58D7AA001AA37A2700E8E788 /* Bolts.framework */,
				58D7AA011AA37A2700E8E788 /* Parse.framework */,
				587F56141AA27D750083638A /* whoparty */,
				587F56311AA27D750083638A /* whopartyTests */,
				587F56131AA27D750083638A /* Products */,
				18E54D29DAF9D5731FE631B3 /* Pods */,
				F5F0000FCA0955343BD41AC7 /* Frameworks */,
			);
			sourceTree = "<group>";
		};
		587F56131AA27D750083638A /* Products */ = {
			isa = PBXGroup;
			children = (
				587F56121AA27D750083638A /* whoparty.app */,
				587F562E1AA27D750083638A /* whopartyTests.xctest */,
			);
			name = Products;
			sourceTree = "<group>";
		};
		587F56141AA27D750083638A /* whoparty */ = {
			isa = PBXGroup;
			children = (
				58D7A9E21AA3687300E8E788 /* Model */,
				58D7A9E41AA3687E00E8E788 /* ViewController */,
				58D7A9E31AA3687900E8E788 /* View */,
				587F56191AA27D750083638A /* AppDelegate.h */,
				587F561A1AA27D750083638A /* AppDelegate.m */,
				587F561C1AA27D750083638A /* whoparty.xcdatamodeld */,
				587F56151AA27D750083638A /* Supporting Files */,
			);
			path = whoparty;
			sourceTree = "<group>";
		};
		587F56151AA27D750083638A /* Supporting Files */ = {
			isa = PBXGroup;
			children = (
				587F56161AA27D750083638A /* Info.plist */,
				587F56171AA27D750083638A /* main.m */,
			);
			name = "Supporting Files";
			sourceTree = "<group>";
		};
		587F56311AA27D750083638A /* whopartyTests */ = {
			isa = PBXGroup;
			children = (
				587F56341AA27D750083638A /* whopartyTests.m */,
				587F56321AA27D750083638A /* Supporting Files */,
			);
			path = whopartyTests;
			sourceTree = "<group>";
		};
		587F56321AA27D750083638A /* Supporting Files */ = {
			isa = PBXGroup;
			children = (
				587F56331AA27D750083638A /* Info.plist */,
			);
			name = "Supporting Files";
			sourceTree = "<group>";
		};
		588EDCF11AA3DE18003A146F /* Animations */ = {
			isa = PBXGroup;
			children = (
				588EDD041AA3DF13003A146F /* Animations.h */,
				588EDD051AA3DF13003A146F /* Animations.m */,
				588EDD061AA3DF13003A146F /* CircleAnimation.h */,
				588EDD071AA3DF13003A146F /* CircleAnimation.m */,
				588EDD081AA3DF13003A146F /* CustomModalAnimation.h */,
				588EDD091AA3DF13003A146F /* CustomModalAnimation.m */,
			);
			name = Animations;
			sourceTree = "<group>";
		};
		588EDD0D1AA3DF6E003A146F /* NUINSS */ = {
			isa = PBXGroup;
			children = (
				588EDD161AA3E161003A146F /* WPTheme.nss */,
			);
			name = NUINSS;
			sourceTree = "<group>";
		};
		589A61C11AAF89C7006FB5A2 /* Menu */ = {
			isa = PBXGroup;
			children = (
				58C478211AAE136100612E2B /* MenuViewController.h */,
				58C478221AAE136100612E2B /* MenuViewController.m */,
			);
			name = Menu;
			sourceTree = "<group>";
		};
		58B606871AB3356500D500EB /* Login */ = {
			isa = PBXGroup;
			children = (
				58B606901AB3362400D500EB /* backgroundParis.png */,
				58B606911AB3362400D500EB /* backgroundParis@2x.png */,
				58B6068C1AB3361C00D500EB /* orView.png */,
				58B6068D1AB3361C00D500EB /* orView@2x.png */,
				58B606881AB3360900D500EB /* signinFacebookButton.png */,
				58B606891AB3360900D500EB /* signinFacebookButton@2x.png */,
			);
			name = Login;
			sourceTree = "<group>";
		};
		58B606941AB3981E00D500EB /* Constraint */ = {
			isa = PBXGroup;
			children = (
				58B606951AB3983B00D500EB /* ConstraintHelper.h */,
				58B606961AB3983B00D500EB /* ConstraintHelper.m */,
			);
			name = Constraint;
			sourceTree = "<group>";
		};
		58BE5DA71AA6462B00BE2DB3 /* MapView */ = {
			isa = PBXGroup;
			children = (
				58BE5DA81AA6466000BE2DB3 /* AddEventCell.h */,
				58BE5DA91AA6466000BE2DB3 /* AddEventCell.m */,
				58BE5DAB1AA65B5D00BE2DB3 /* MapForm.xib */,
				5846D45A1AA90A0D00259C09 /* ReceiveEventCell.xib */,
				5846D45C1AA90BF000259C09 /* ReceiveEventCell.h */,
				5846D45D1AA90BF000259C09 /* ReceiveEventCell.m */,
				587F43581AB0615100726D67 /* MarkerView.h */,
				587F43591AB0615100726D67 /* MarkerView.m */,
				587F435B1AB06C8900726D67 /* MarkerView.xib */,
			);
			name = MapView;
			sourceTree = "<group>";
		};
		58C478131AADF1A100612E2B /* SmallView */ = {
			isa = PBXGroup;
			children = (
				58C477F31AACC97900612E2B /* CheckBoxCell.xib */,
				58C477F51AACCA6D00612E2B /* CheckBoxTableViewCell.h */,
				58C477F61AACCA6D00612E2B /* CheckBoxTableViewCell.m */,
				58C477EE1AACB6D700612E2B /* SendView.xib */,
				58C477F01AACB9B800612E2B /* SendView.h */,
				58C477F11AACB9B800612E2B /* SendView.m */,
			);
			name = SmallView;
			sourceTree = "<group>";
		};
		58C478141AADF1B700612E2B /* Menu */ = {
			isa = PBXGroup;
			children = (
				58C4781E1AAE0D4800612E2B /* MenuSubView.h */,
				58C4781F1AAE0D4800612E2B /* MenuSubView.m */,
				58B606831AB1CFE300D500EB /* MenuSubView.xib */,
			);
			name = Menu;
			sourceTree = "<group>";
		};
		58D7A9E21AA3687300E8E788 /* Model */ = {
			isa = PBXGroup;
			children = (
				5827C5991AA4DE9200680747 /* GoogleData */,
				5860EB941AA4A9BE00D81E5F /* WPHelperConstant.h */,
				5860EB951AA4A9BE00D81E5F /* WPHelperConstant.m */,
				5827C5A31AA5D27200680747 /* ManagedParseUser.h */,
				5827C5A41AA5D27200680747 /* ManagedParseUser.m */,
				5846D4621AA9242E00259C09 /* Event.h */,
				5846D4631AA9242E00259C09 /* Event.m */,
			);
			name = Model;
			sourceTree = "<group>";
		};
		58D7A9E31AA3687900E8E788 /* View */ = {
			isa = PBXGroup;
			children = (
				58B606941AB3981E00D500EB /* Constraint */,
				58C478141AADF1B700612E2B /* Menu */,
				58C478131AADF1A100612E2B /* SmallView */,
				58BE5DA71AA6462B00BE2DB3 /* MapView */,
				588EDD0D1AA3DF6E003A146F /* NUINSS */,
				588EDCF11AA3DE18003A146F /* Animations */,
				58D7A9ED1AA36F2B00E8E788 /* Images */,
				587F56221AA27D750083638A /* Main.storyboard */,
				587F56251AA27D750083638A /* Images.xcassets */,
				587F56271AA27D750083638A /* LaunchScreen.xib */,
				58C477F81AADB33900612E2B /* AlertView.h */,
				58C477F91AADB33900612E2B /* AlertView.m */,
			);
			name = View;
			sourceTree = "<group>";
		};
		58D7A9E41AA3687E00E8E788 /* ViewController */ = {
			isa = PBXGroup;
			children = (
				589A61C11AAF89C7006FB5A2 /* Menu */,
				5860EB771AA4988000D81E5F /* Tabbar */,
				58D7A9EA1AA36ED700E8E788 /* WPLoginViewController.h */,
				58D7A9EB1AA36ED700E8E788 /* WPLoginViewController.m */,
				58D7A9E61AA36E9A00E8E788 /* LoginForm */,
			);
			name = ViewController;
			sourceTree = "<group>";
		};
		58D7A9E61AA36E9A00E8E788 /* LoginForm */ = {
			isa = PBXGroup;
			children = (
				58D7A9E71AA36EBC00E8E788 /* LoginFormViewController.h */,
				58D7A9E81AA36EBC00E8E788 /* LoginFormViewController.m */,
				58D7A9F21AA3722800E8E788 /* NSString+FormValidation.h */,
				58D7A9F31AA3722800E8E788 /* NSString+FormValidation.m */,
			);
			name = LoginForm;
			sourceTree = "<group>";
		};
		58D7A9ED1AA36F2B00E8E788 /* Images */ = {
			isa = PBXGroup;
			children = (
				58B606871AB3356500D500EB /* Login */,
				58B606851AB2611500D500EB /* icon-map.png */,
				58C478111AADDD6700612E2B /* emailLeftView.png */,
				58C478031AADD65F00612E2B /* addEventIcon.png */,
				58C478041AADD65F00612E2B /* addEventIcon@2x.png */,
				58C478051AADD65F00612E2B /* addFriendIcon.png */,
				58C478061AADD65F00612E2B /* addFriendIcon@2x.png */,
				58C4780F1AADDD6100612E2B /* loginLeftView.png */,
				58C478001AADD65600612E2B /* loginLeftView@2x.png */,
				58BE5D9C1AA5EFBD00BE2DB3 /* plusFriend.png */,
				58BE5D9D1AA5EFBD00BE2DB3 /* plusFriend@2x.png */,
				58BE5D9E1AA5EFBD00BE2DB3 /* validFriend.png */,
				58BE5D9F1AA5EFBD00BE2DB3 /* validFriend@2x.png */,
				5827C5A61AA5E62E00680747 /* plus.png */,
				5827C5A71AA5E62E00680747 /* plus@2x.png */,
				5860EB971AA4AD3800D81E5F /* destPin.png */,
				5860EB981AA4AD3800D81E5F /* destPin@2x.png */,
				5860EB991AA4AD3800D81E5F /* startPin.png */,
				5860EB9A1AA4AD3800D81E5F /* startPin@2x.png */,
				588EDD0E1AA3E04F003A146F /* accountLogin.png */,
				588EDD0F1AA3E04F003A146F /* accountLogin@2x.png */,
				588EDD101AA3E04F003A146F /* passwordCadenas.png */,
				588EDD111AA3E04F003A146F /* passwordCadenas@2x.png */,
			);
			name = Images;
			sourceTree = "<group>";
		};
		F5F0000FCA0955343BD41AC7 /* Frameworks */ = {
			isa = PBXGroup;
			children = (
				589A61A81AAEFCCA006FB5A2 /* libstdc++.6.dylib */,
				589A61A21AAEFB79006FB5A2 /* ParseCrashReporting.framework */,
				5860EB921AA4A98800D81E5F /* OpenGLES.framework */,
				5860EB901AA4A97700D81E5F /* libicucore.dylib */,
				5860EB8E1AA4A96000D81E5F /* libc++.dylib */,
				5860EB8C1AA4A95300D81E5F /* ImageIO.framework */,
				5860EB8A1AA4A94A00D81E5F /* GLKit.framework */,
				5860EB881AA4A94500D81E5F /* CoreText.framework */,
				5860EB861AA4A92900D81E5F /* CoreData.framework */,
				5860EB841AA4A91B00D81E5F /* AVFoundation.framework */,
				5860EB751AA4980700D81E5F /* MapKit.framework */,
				588EDCEC1AA3B8B9003A146F /* Social.framework */,
				588EDCEA1AA3B8A6003A146F /* Twitter.framework */,
				588EDCE81AA3B89F003A146F /* Accounts.framework */,
				58D7AA1E1AA37B4400E8E788 /* libsqlite3.dylib */,
				58D7AA1C1AA37B2100E8E788 /* libz.dylib */,
				58D7AA1A1AA37AF300E8E788 /* SystemConfiguration.framework */,
				58D7AA181AA37ADE00E8E788 /* StoreKit.framework */,
				58D7AA161AA37AD400E8E788 /* Security.framework */,
				58D7AA141AA37AC600E8E788 /* QuartzCore.framework */,
				58D7AA121AA37A6500E8E788 /* MobileCoreServices.framework */,
				58D7AA101AA37A5A00E8E788 /* CoreLocation.framework */,
				58D7AA0E1AA37A5300E8E788 /* CoreGraphics.framework */,
				58D7AA0C1AA37A4900E8E788 /* CFNetwork.framework */,
				58D7AA0A1AA37A4000E8E788 /* AudioToolbox.framework */,
				DD0108384256B8BDFC218734 /* libPods-whoparty.a */,
			);
			name = Frameworks;
			sourceTree = "<group>";
		};
/* End PBXGroup section */

/* Begin PBXNativeTarget section */
		587F56111AA27D750083638A /* whoparty */ = {
			isa = PBXNativeTarget;
			buildConfigurationList = 587F56381AA27D750083638A /* Build configuration list for PBXNativeTarget "whoparty" */;
			buildPhases = (
				E7C9D5C0CEB4C6BED2F1B44D /* Check Pods Manifest.lock */,
				587F560E1AA27D750083638A /* Sources */,
				587F560F1AA27D750083638A /* Frameworks */,
				587F56101AA27D750083638A /* Resources */,
				0FC376E5D2444EA62366B1EA /* Copy Pods Resources */,
			);
			buildRules = (
			);
			dependencies = (
			);
			name = whoparty;
			productName = whoparty;
			productReference = 587F56121AA27D750083638A /* whoparty.app */;
			productType = "com.apple.product-type.application";
		};
		587F562D1AA27D750083638A /* whopartyTests */ = {
			isa = PBXNativeTarget;
			buildConfigurationList = 587F563B1AA27D750083638A /* Build configuration list for PBXNativeTarget "whopartyTests" */;
			buildPhases = (
				587F562A1AA27D750083638A /* Sources */,
				587F562B1AA27D750083638A /* Frameworks */,
				587F562C1AA27D750083638A /* Resources */,
			);
			buildRules = (
			);
			dependencies = (
				587F56301AA27D750083638A /* PBXTargetDependency */,
			);
			name = whopartyTests;
			productName = whopartyTests;
			productReference = 587F562E1AA27D750083638A /* whopartyTests.xctest */;
			productType = "com.apple.product-type.bundle.unit-test";
		};
/* End PBXNativeTarget section */

/* Begin PBXProject section */
		587F560A1AA27D750083638A /* Project object */ = {
			isa = PBXProject;
			attributes = {
				LastUpgradeCheck = 0610;
				ORGANIZATIONNAME = "Nyu Web Developpement";
				TargetAttributes = {
					587F56111AA27D750083638A = {
						CreatedOnToolsVersion = 6.1.1;
						DevelopmentTeam = PHAN4JE4T7;
						SystemCapabilities = {
							com.apple.BackgroundModes = {
								enabled = 1;
							};
						};
					};
					587F562D1AA27D750083638A = {
						CreatedOnToolsVersion = 6.1.1;
						DevelopmentTeam = PHAN4JE4T7;
						TestTargetID = 587F56111AA27D750083638A;
					};
				};
			};
			buildConfigurationList = 587F560D1AA27D750083638A /* Build configuration list for PBXProject "whoparty" */;
			compatibilityVersion = "Xcode 3.2";
			developmentRegion = English;
			hasScannedForEncodings = 0;
			knownRegions = (
				en,
				Base,
			);
			mainGroup = 587F56091AA27D750083638A;
			productRefGroup = 587F56131AA27D750083638A /* Products */;
			projectDirPath = "";
			projectRoot = "";
			targets = (
				587F56111AA27D750083638A /* whoparty */,
				587F562D1AA27D750083638A /* whopartyTests */,
			);
		};
/* End PBXProject section */

/* Begin PBXResourcesBuildPhase section */
		587F56101AA27D750083638A /* Resources */ = {
			isa = PBXResourcesBuildPhase;
			buildActionMask = 2147483647;
			files = (
				5860EB9D1AA4AD3800D81E5F /* startPin.png in Resources */,
				58B606931AB3362400D500EB /* backgroundParis@2x.png in Resources */,
				58B6068E1AB3361C00D500EB /* orView.png in Resources */,
				58BE5DA01AA5EFBD00BE2DB3 /* plusFriend.png in Resources */,
				588EDD141AA3E04F003A146F /* passwordCadenas.png in Resources */,
				5860EB9B1AA4AD3800D81E5F /* destPin.png in Resources */,
				5860EB831AA4A90200D81E5F /* GoogleMaps.bundle in Resources */,
				58C477F41AACC97900612E2B /* CheckBoxCell.xib in Resources */,
				58BE5DA31AA5EFBD00BE2DB3 /* validFriend@2x.png in Resources */,
				588EDD171AA3E161003A146F /* WPTheme.nss in Resources */,
				587F56241AA27D750083638A /* Main.storyboard in Resources */,
				58B6068B1AB3360900D500EB /* signinFacebookButton@2x.png in Resources */,
				588EDD151AA3E04F003A146F /* passwordCadenas@2x.png in Resources */,
				58C478021AADD65600612E2B /* loginLeftView@2x.png in Resources */,
				58B606921AB3362400D500EB /* backgroundParis.png in Resources */,
				588EDD131AA3E04F003A146F /* accountLogin@2x.png in Resources */,
				58B606841AB1CFE300D500EB /* MenuSubView.xib in Resources */,
				58C478091AADD65F00612E2B /* addFriendIcon.png in Resources */,
				58C477EF1AACB6D700612E2B /* SendView.xib in Resources */,
				58B6068A1AB3360900D500EB /* signinFacebookButton.png in Resources */,
				5860EB9C1AA4AD3800D81E5F /* destPin@2x.png in Resources */,
				58B606861AB2611500D500EB /* icon-map.png in Resources */,
				588EDD121AA3E04F003A146F /* accountLogin.png in Resources */,
				58C478081AADD65F00612E2B /* addEventIcon@2x.png in Resources */,
				58C4780A1AADD65F00612E2B /* addFriendIcon@2x.png in Resources */,
				5827C5A91AA5E62E00680747 /* plus@2x.png in Resources */,
				587F435C1AB06C8900726D67 /* MarkerView.xib in Resources */,
				58BE5DA21AA5EFBD00BE2DB3 /* validFriend.png in Resources */,
				58C478121AADDD6700612E2B /* emailLeftView.png in Resources */,
				58BE5DAC1AA65B5D00BE2DB3 /* MapForm.xib in Resources */,
				58C478071AADD65F00612E2B /* addEventIcon.png in Resources */,
				5846D45B1AA90A0D00259C09 /* ReceiveEventCell.xib in Resources */,
				58BE5DA11AA5EFBD00BE2DB3 /* plusFriend@2x.png in Resources */,
				58C478101AADDD6100612E2B /* loginLeftView.png in Resources */,
				5860EB9E1AA4AD3800D81E5F /* startPin@2x.png in Resources */,
				58B6068F1AB3361C00D500EB /* orView@2x.png in Resources */,
				587F56291AA27D750083638A /* LaunchScreen.xib in Resources */,
				587F56261AA27D750083638A /* Images.xcassets in Resources */,
				5827C5A81AA5E62E00680747 /* plus.png in Resources */,
			);
			runOnlyForDeploymentPostprocessing = 0;
		};
		587F562C1AA27D750083638A /* Resources */ = {
			isa = PBXResourcesBuildPhase;
			buildActionMask = 2147483647;
			files = (
			);
			runOnlyForDeploymentPostprocessing = 0;
		};
/* End PBXResourcesBuildPhase section */

/* Begin PBXShellScriptBuildPhase section */
		0FC376E5D2444EA62366B1EA /* Copy Pods Resources */ = {
			isa = PBXShellScriptBuildPhase;
			buildActionMask = 2147483647;
			files = (
			);
			inputPaths = (
			);
			name = "Copy Pods Resources";
			outputPaths = (
			);
			runOnlyForDeploymentPostprocessing = 0;
			shellPath = /bin/sh;
			shellScript = "\"${SRCROOT}/Pods/Target Support Files/Pods-whoparty/Pods-whoparty-resources.sh\"\n";
			showEnvVarsInLog = 0;
		};
		E7C9D5C0CEB4C6BED2F1B44D /* Check Pods Manifest.lock */ = {
			isa = PBXShellScriptBuildPhase;
			buildActionMask = 2147483647;
			files = (
			);
			inputPaths = (
			);
			name = "Check Pods Manifest.lock";
			outputPaths = (
			);
			runOnlyForDeploymentPostprocessing = 0;
			shellPath = /bin/sh;
			shellScript = "diff \"${PODS_ROOT}/../Podfile.lock\" \"${PODS_ROOT}/Manifest.lock\" > /dev/null\nif [[ $? != 0 ]] ; then\n    cat << EOM\nerror: The sandbox is not in sync with the Podfile.lock. Run 'pod install' or update your CocoaPods installation.\nEOM\n    exit 1\nfi\n";
			showEnvVarsInLog = 0;
		};
/* End PBXShellScriptBuildPhase section */

/* Begin PBXSourcesBuildPhase section */
		587F560E1AA27D750083638A /* Sources */ = {
			isa = PBXSourcesBuildPhase;
			buildActionMask = 2147483647;
			files = (
				58C477F21AACB9B800612E2B /* SendView.m in Sources */,
				588EDD0A1AA3DF13003A146F /* Animations.m in Sources */,
				58BE5D9B1AA5EB8200BE2DB3 /* WPAddFriendsViewController.m in Sources */,
				58BE5DAA1AA6466000BE2DB3 /* AddEventCell.m in Sources */,
				58C478201AAE0D4800612E2B /* MenuSubView.m in Sources */,
				5860EB7D1AA498D000D81E5F /* WPAddEventViewController.m in Sources */,
				5846D4611AA9107500259C09 /* WPReceiveEventViewController.m in Sources */,
				5860EB961AA4A9BE00D81E5F /* WPHelperConstant.m in Sources */,
				5846D4641AA9242E00259C09 /* Event.m in Sources */,
				58D7A9F41AA3722800E8E788 /* NSString+FormValidation.m in Sources */,
				5827C5A51AA5D27200680747 /* ManagedParseUser.m in Sources */,
				58C478231AAE136100612E2B /* MenuViewController.m in Sources */,
				58D7A9E91AA36EBC00E8E788 /* LoginFormViewController.m in Sources */,
				58D7A9EC1AA36ED700E8E788 /* WPLoginViewController.m in Sources */,
				587F561B1AA27D750083638A /* AppDelegate.m in Sources */,
				5846D46A1AA9C24E00259C09 /* WPListEventViewController.m in Sources */,
				5860EB7A1AA498A100D81E5F /* WPTabBarViewController.m in Sources */,
				5827C59F1AA4E67E00680747 /* MYGoogleAddress.m in Sources */,
				5827C5A21AA5CC3E00680747 /* WPSelectFriendsViewController.m in Sources */,
				587F56181AA27D750083638A /* main.m in Sources */,
				587CAF1F1AA4BEAE004129F9 /* GooglePlaceDataProvider.m in Sources */,
				588EDD0B1AA3DF13003A146F /* CircleAnimation.m in Sources */,
				58B606971AB3983B00D500EB /* ConstraintHelper.m in Sources */,
				58C477FA1AADB33900612E2B /* AlertView.m in Sources */,
				58C477F71AACCA6D00612E2B /* CheckBoxTableViewCell.m in Sources */,
				587F435A1AB0615100726D67 /* MarkerView.m in Sources */,
				588EDD0C1AA3DF13003A146F /* CustomModalAnimation.m in Sources */,
				5846D45E1AA90BF000259C09 /* ReceiveEventCell.m in Sources */,
				587F561E1AA27D750083638A /* whoparty.xcdatamodeld in Sources */,
			);
			runOnlyForDeploymentPostprocessing = 0;
		};
		587F562A1AA27D750083638A /* Sources */ = {
			isa = PBXSourcesBuildPhase;
			buildActionMask = 2147483647;
			files = (
				587F56351AA27D750083638A /* whopartyTests.m in Sources */,
			);
			runOnlyForDeploymentPostprocessing = 0;
		};
/* End PBXSourcesBuildPhase section */

/* Begin PBXTargetDependency section */
		587F56301AA27D750083638A /* PBXTargetDependency */ = {
			isa = PBXTargetDependency;
			target = 587F56111AA27D750083638A /* whoparty */;
			targetProxy = 587F562F1AA27D750083638A /* PBXContainerItemProxy */;
		};
/* End PBXTargetDependency section */

/* Begin PBXVariantGroup section */
		587F56221AA27D750083638A /* Main.storyboard */ = {
			isa = PBXVariantGroup;
			children = (
				587F56231AA27D750083638A /* Base */,
			);
			name = Main.storyboard;
			sourceTree = "<group>";
		};
		587F56271AA27D750083638A /* LaunchScreen.xib */ = {
			isa = PBXVariantGroup;
			children = (
				587F56281AA27D750083638A /* Base */,
			);
			name = LaunchScreen.xib;
			sourceTree = "<group>";
		};
/* End PBXVariantGroup section */

/* Begin XCBuildConfiguration section */
		587F56361AA27D750083638A /* Debug */ = {
			isa = XCBuildConfiguration;
			buildSettings = {
				ALWAYS_SEARCH_USER_PATHS = NO;
				CLANG_CXX_LANGUAGE_STANDARD = "gnu++0x";
				CLANG_CXX_LIBRARY = "libc++";
				CLANG_ENABLE_MODULES = YES;
				CLANG_ENABLE_OBJC_ARC = YES;
				CLANG_WARN_BOOL_CONVERSION = YES;
				CLANG_WARN_CONSTANT_CONVERSION = YES;
				CLANG_WARN_DIRECT_OBJC_ISA_USAGE = YES_ERROR;
				CLANG_WARN_EMPTY_BODY = YES;
				CLANG_WARN_ENUM_CONVERSION = YES;
				CLANG_WARN_INT_CONVERSION = YES;
				CLANG_WARN_OBJC_ROOT_CLASS = YES_ERROR;
				CLANG_WARN_UNREACHABLE_CODE = YES;
				CLANG_WARN__DUPLICATE_METHOD_MATCH = YES;
				CODE_SIGN_IDENTITY = "iPhone Developer: Ayrton WERCK (QDLD92PTE6)";
				"CODE_SIGN_IDENTITY[sdk=iphoneos*]" = "iPhone Developer: Ayrton WERCK (QDLD92PTE6)";
				COPY_PHASE_STRIP = NO;
				ENABLE_STRICT_OBJC_MSGSEND = YES;
				GCC_C_LANGUAGE_STANDARD = gnu99;
				GCC_DYNAMIC_NO_PIC = NO;
				GCC_OPTIMIZATION_LEVEL = 0;
				GCC_PREPROCESSOR_DEFINITIONS = (
					"DEBUG=1",
					"$(inherited)",
				);
				GCC_SYMBOLS_PRIVATE_EXTERN = NO;
				GCC_WARN_64_TO_32_BIT_CONVERSION = YES;
				GCC_WARN_ABOUT_RETURN_TYPE = YES_ERROR;
				GCC_WARN_UNDECLARED_SELECTOR = YES;
				GCC_WARN_UNINITIALIZED_AUTOS = YES_AGGRESSIVE;
				GCC_WARN_UNUSED_FUNCTION = YES;
				GCC_WARN_UNUSED_VARIABLE = YES;
				IPHONEOS_DEPLOYMENT_TARGET = 8.0;
				MTL_ENABLE_DEBUG_INFO = YES;
				ONLY_ACTIVE_ARCH = YES;
				PROVISIONING_PROFILE = "d88ae26d-71eb-4be5-be8d-a06ec6bcf885";
				SDKROOT = iphoneos;
			};
			name = Debug;
		};
		587F56371AA27D750083638A /* Release */ = {
			isa = XCBuildConfiguration;
			buildSettings = {
				ALWAYS_SEARCH_USER_PATHS = NO;
				CLANG_CXX_LANGUAGE_STANDARD = "gnu++0x";
				CLANG_CXX_LIBRARY = "libc++";
				CLANG_ENABLE_MODULES = YES;
				CLANG_ENABLE_OBJC_ARC = YES;
				CLANG_WARN_BOOL_CONVERSION = YES;
				CLANG_WARN_CONSTANT_CONVERSION = YES;
				CLANG_WARN_DIRECT_OBJC_ISA_USAGE = YES_ERROR;
				CLANG_WARN_EMPTY_BODY = YES;
				CLANG_WARN_ENUM_CONVERSION = YES;
				CLANG_WARN_INT_CONVERSION = YES;
				CLANG_WARN_OBJC_ROOT_CLASS = YES_ERROR;
				CLANG_WARN_UNREACHABLE_CODE = YES;
				CLANG_WARN__DUPLICATE_METHOD_MATCH = YES;
				CODE_SIGN_IDENTITY = "iPhone Developer: Ayrton WERCK (QDLD92PTE6)";
				"CODE_SIGN_IDENTITY[sdk=iphoneos*]" = "iPhone Developer: Ayrton WERCK (QDLD92PTE6)";
				COPY_PHASE_STRIP = YES;
				ENABLE_NS_ASSERTIONS = NO;
				ENABLE_STRICT_OBJC_MSGSEND = YES;
				GCC_C_LANGUAGE_STANDARD = gnu99;
				GCC_WARN_64_TO_32_BIT_CONVERSION = YES;
				GCC_WARN_ABOUT_RETURN_TYPE = YES_ERROR;
				GCC_WARN_UNDECLARED_SELECTOR = YES;
				GCC_WARN_UNINITIALIZED_AUTOS = YES_AGGRESSIVE;
				GCC_WARN_UNUSED_FUNCTION = YES;
				GCC_WARN_UNUSED_VARIABLE = YES;
				IPHONEOS_DEPLOYMENT_TARGET = 8.0;
				MTL_ENABLE_DEBUG_INFO = NO;
				PROVISIONING_PROFILE = "d88ae26d-71eb-4be5-be8d-a06ec6bcf885";
				SDKROOT = iphoneos;
				VALIDATE_PRODUCT = YES;
			};
			name = Release;
		};
		587F56391AA27D750083638A /* Debug */ = {
			isa = XCBuildConfiguration;
			baseConfigurationReference = CE32DBA3C481ACEAD9EF10D2 /* Pods-whoparty.debug.xcconfig */;
			buildSettings = {
				ASSETCATALOG_COMPILER_APPICON_NAME = AppIcon;
				CODE_SIGN_IDENTITY = "iPhone Developer";
				"CODE_SIGN_IDENTITY[sdk=iphoneos*]" = "iPhone Developer: Ayrton WERCK (QDLD92PTE6)";
				FRAMEWORK_SEARCH_PATHS = (
					"$(inherited)",
					"$(PROJECT_DIR)/parse-library-1.6.3",
					"$(PROJECT_DIR)",
					"/Users/Athos/Downloads/parse-library-1.6.3",
				);
				INFOPLIST_FILE = whoparty/Info.plist;
				LD_RUNPATH_SEARCH_PATHS = "$(inherited) @executable_path/Frameworks";
				PRODUCT_NAME = "$(TARGET_NAME)";
				PROVISIONING_PROFILE = "";
			};
			name = Debug;
		};
		587F563A1AA27D750083638A /* Release */ = {
			isa = XCBuildConfiguration;
			baseConfigurationReference = 2751F0E55F0CB5423D6E17F6 /* Pods-whoparty.release.xcconfig */;
			buildSettings = {
				ASSETCATALOG_COMPILER_APPICON_NAME = AppIcon;
				CODE_SIGN_IDENTITY = "iPhone Developer";
				"CODE_SIGN_IDENTITY[sdk=iphoneos*]" = "iPhone Developer: Ayrton WERCK (QDLD92PTE6)";
				FRAMEWORK_SEARCH_PATHS = (
					"$(inherited)",
					"$(PROJECT_DIR)/parse-library-1.6.3",
					"$(PROJECT_DIR)",
					"/Users/Athos/Downloads/parse-library-1.6.3",
				);
				INFOPLIST_FILE = whoparty/Info.plist;
				LD_RUNPATH_SEARCH_PATHS = "$(inherited) @executable_path/Frameworks";
				PRODUCT_NAME = "$(TARGET_NAME)";
				PROVISIONING_PROFILE = "";
			};
			name = Release;
		};
		587F563C1AA27D750083638A /* Debug */ = {
			isa = XCBuildConfiguration;
			buildSettings = {
				BUNDLE_LOADER = "$(TEST_HOST)";
				CODE_SIGN_IDENTITY = "iPhone Developer";
				"CODE_SIGN_IDENTITY[sdk=iphoneos*]" = "iPhone Developer";
				FRAMEWORK_SEARCH_PATHS = (
					"$(SDKROOT)/Developer/Library/Frameworks",
					"$(inherited)",
				);
				GCC_PREPROCESSOR_DEFINITIONS = (
					"DEBUG=1",
					"$(inherited)",
				);
				INFOPLIST_FILE = whopartyTests/Info.plist;
				LD_RUNPATH_SEARCH_PATHS = "$(inherited) @executable_path/Frameworks @loader_path/Frameworks";
				PRODUCT_NAME = "$(TARGET_NAME)";
				PROVISIONING_PROFILE = "";
				TEST_HOST = "$(BUILT_PRODUCTS_DIR)/whoparty.app/whoparty";
			};
			name = Debug;
		};
		587F563D1AA27D750083638A /* Release */ = {
			isa = XCBuildConfiguration;
			buildSettings = {
				BUNDLE_LOADER = "$(TEST_HOST)";
				CODE_SIGN_IDENTITY = "iPhone Developer";
				"CODE_SIGN_IDENTITY[sdk=iphoneos*]" = "iPhone Developer";
				FRAMEWORK_SEARCH_PATHS = (
					"$(SDKROOT)/Developer/Library/Frameworks",
					"$(inherited)",
				);
				INFOPLIST_FILE = whopartyTests/Info.plist;
				LD_RUNPATH_SEARCH_PATHS = "$(inherited) @executable_path/Frameworks @loader_path/Frameworks";
				PRODUCT_NAME = "$(TARGET_NAME)";
				PROVISIONING_PROFILE = "";
				TEST_HOST = "$(BUILT_PRODUCTS_DIR)/whoparty.app/whoparty";
			};
			name = Release;
		};
/* End XCBuildConfiguration section */

/* Begin XCConfigurationList section */
		587F560D1AA27D750083638A /* Build configuration list for PBXProject "whoparty" */ = {
			isa = XCConfigurationList;
			buildConfigurations = (
				587F56361AA27D750083638A /* Debug */,
				587F56371AA27D750083638A /* Release */,
			);
			defaultConfigurationIsVisible = 0;
			defaultConfigurationName = Release;
		};
		587F56381AA27D750083638A /* Build configuration list for PBXNativeTarget "whoparty" */ = {
			isa = XCConfigurationList;
			buildConfigurations = (
				587F56391AA27D750083638A /* Debug */,
				587F563A1AA27D750083638A /* Release */,
			);
			defaultConfigurationIsVisible = 0;
			defaultConfigurationName = Release;
		};
		587F563B1AA27D750083638A /* Build configuration list for PBXNativeTarget "whopartyTests" */ = {
			isa = XCConfigurationList;
			buildConfigurations = (
				587F563C1AA27D750083638A /* Debug */,
				587F563D1AA27D750083638A /* Release */,
			);
			defaultConfigurationIsVisible = 0;
			defaultConfigurationName = Release;
		};
/* End XCConfigurationList section */

/* Begin XCVersionGroup section */
		587F561C1AA27D750083638A /* whoparty.xcdatamodeld */ = {
			isa = XCVersionGroup;
			children = (
				587F561D1AA27D750083638A /* whoparty.xcdatamodel */,
			);
			currentVersion = 587F561D1AA27D750083638A /* whoparty.xcdatamodel */;
			path = whoparty.xcdatamodeld;
			sourceTree = "<group>";
			versionGroupType = wrapper.xcdatamodel;
		};
/* End XCVersionGroup section */
	};
	rootObject = 587F560A1AA27D750083638A /* Project object */;
}
